
Microsoft Visual Studio Solution File, Format Version 12.00
# Visual Studio Version 16
VisualStudioVersion = 16.0.30717.126
MinimumVisualStudioVersion = 10.0.40219.1
Project("{FAE04EC0-301F-11D3-BF4B-00C04F79EFBC}") = "CustomListProject", "CustomListProject\CustomListProject.csproj", "{567CC6FC-EE42-4B38-B0C0-3ACA59116A59}"
EndProject
Project("{FAE04EC0-301F-11D3-BF4B-00C04F79EFBC}") = "CustomListTests", "CustomListTests\CustomListTests.csproj", "{CA2DD669-14A6-4C72-AA37-9A74B73528DF}"
EndProject
Global
	GlobalSection(SolutionConfigurationPlatforms) = preSolution
		Debug|Any CPU = Debug|Any CPU
		Release|Any CPU = Release|Any CPU
	EndGlobalSection
	GlobalSection(ProjectConfigurationPlatforms) = postSolution
		{567CC6FC-EE42-4B38-B0C0-3ACA59116A59}.Debug|Any CPU.ActiveCfg = Debug|Any CPU
		{567CC6FC-EE42-4B38-B0C0-3ACA59116A59}.Debug|Any CPU.Build.0 = Debug|Any CPU
		{567CC6FC-EE42-4B38-B0C0-3ACA59116A59}.Release|Any CPU.ActiveCfg = Release|Any CPU
		{567CC6FC-EE42-4B38-B0C0-3ACA59116A59}.Release|Any CPU.Build.0 = Release|Any CPU
		{CA2DD669-14A6-4C72-AA37-9A74B73528DF}.Debug|Any CPU.ActiveCfg = Debug|Any CPU
		{CA2DD669-14A6-4C72-AA37-9A74B73528DF}.Debug|Any CPU.Build.0 = Debug|Any CPU
		{CA2DD669-14A6-4C72-AA37-9A74B73528DF}.Release|Any CPU.ActiveCfg = Release|Any CPU
		{CA2DD669-14A6-4C72-AA37-9A74B73528DF}.Release|Any CPU.Build.0 = Release|Any CPU
	EndGlobalSection
	GlobalSection(SolutionProperties) = preSolution
		HideSolutionNode = FALSE
	EndGlobalSection
	GlobalSection(ExtensibilityGlobals) = postSolution
		SolutionGuid = {ED97BEA2-7DB1-4C66-9939-72E31DF1C8B3}
	EndGlobalSection
EndGlobal
